
Microsoft Visual Studio Solution File, Format Version 12.00
Project("{FAE04EC0-301F-11D3-BF4B-00C04F79EFBC}") = "SushiRunner", "SushiRunner\SushiRunner.csproj", "{F5722EBF-2F9E-48CC-A2A4-E25BAA59F888}"
EndProject
Project("{FAE04EC0-301F-11D3-BF4B-00C04F79EFBC}") = "SushiRunner.Data", "SushiRunner.Data\SushiRunner.Data.csproj", "{49B1F913-2714-4A13-B80B-33304DA5EF94}"
EndProject
Project("{FAE04EC0-301F-11D3-BF4B-00C04F79EFBC}") = "SushiRunner.Services", "SushiRunner.Services\SushiRunner.Services.csproj", "{ADB0DF30-DF8B-4FE4-8EAF-B60D4B55FA25}"
EndProject
Project("{FAE04EC0-301F-11D3-BF4B-00C04F79EFBC}") = "SushiRunner.Tests", "SushiRunner.Tests\SushiRunner.Tests.csproj", "{D54D9A19-B4C3-4803-B4AA-859A45780BBB}"
EndProject
Project("{FAE04EC0-301F-11D3-BF4B-00C04F79EFBC}") = "SushiRunner.Utilities", "SushiRunner.Utilities\SushiRunner.Utilities.csproj", "{B0F18CEB-F7B5-431D-B4F5-0E1B571C06E1}"
EndProject
Global
	GlobalSection(SolutionConfigurationPlatforms) = preSolution
		Debug|Any CPU = Debug|Any CPU
		Release|Any CPU = Release|Any CPU
	EndGlobalSection
	GlobalSection(ProjectConfigurationPlatforms) = postSolution
		{F5722EBF-2F9E-48CC-A2A4-E25BAA59F888}.Debug|Any CPU.ActiveCfg = Debug|Any CPU
		{F5722EBF-2F9E-48CC-A2A4-E25BAA59F888}.Debug|Any CPU.Build.0 = Debug|Any CPU
		{F5722EBF-2F9E-48CC-A2A4-E25BAA59F888}.Release|Any CPU.ActiveCfg = Release|Any CPU
		{F5722EBF-2F9E-48CC-A2A4-E25BAA59F888}.Release|Any CPU.Build.0 = Release|Any CPU
		{49B1F913-2714-4A13-B80B-33304DA5EF94}.Debug|Any CPU.ActiveCfg = Debug|Any CPU
		{49B1F913-2714-4A13-B80B-33304DA5EF94}.Debug|Any CPU.Build.0 = Debug|Any CPU
		{49B1F913-2714-4A13-B80B-33304DA5EF94}.Release|Any CPU.ActiveCfg = Release|Any CPU
		{49B1F913-2714-4A13-B80B-33304DA5EF94}.Release|Any CPU.Build.0 = Release|Any CPU
		{ADB0DF30-DF8B-4FE4-8EAF-B60D4B55FA25}.Debug|Any CPU.ActiveCfg = Debug|Any CPU
		{ADB0DF30-DF8B-4FE4-8EAF-B60D4B55FA25}.Debug|Any CPU.Build.0 = Debug|Any CPU
		{ADB0DF30-DF8B-4FE4-8EAF-B60D4B55FA25}.Release|Any CPU.ActiveCfg = Release|Any CPU
		{ADB0DF30-DF8B-4FE4-8EAF-B60D4B55FA25}.Release|Any CPU.Build.0 = Release|Any CPU
		{D54D9A19-B4C3-4803-B4AA-859A45780BBB}.Debug|Any CPU.ActiveCfg = Debug|Any CPU
		{D54D9A19-B4C3-4803-B4AA-859A45780BBB}.Debug|Any CPU.Build.0 = Debug|Any CPU
		{D54D9A19-B4C3-4803-B4AA-859A45780BBB}.Release|Any CPU.ActiveCfg = Release|Any CPU
		{D54D9A19-B4C3-4803-B4AA-859A45780BBB}.Release|Any CPU.Build.0 = Release|Any CPU
		{B0F18CEB-F7B5-431D-B4F5-0E1B571C06E1}.Debug|Any CPU.ActiveCfg = Debug|Any CPU
		{B0F18CEB-F7B5-431D-B4F5-0E1B571C06E1}.Debug|Any CPU.Build.0 = Debug|Any CPU
		{B0F18CEB-F7B5-431D-B4F5-0E1B571C06E1}.Release|Any CPU.ActiveCfg = Release|Any CPU
		{B0F18CEB-F7B5-431D-B4F5-0E1B571C06E1}.Release|Any CPU.Build.0 = Release|Any CPU
	EndGlobalSection
EndGlobal
